# THIS IS AN AUTOGENERATED FILE. DO NOT EDIT THIS FILE DIRECTLY.
# yarn lockfile v1


mongoose-delete@^0.5.3:
  version "0.5.3"
  resolved "https://registry.yarnpkg.com/mongoose-delete/-/mongoose-delete-0.5.3.tgz#c35c2147ca6c460af54cfd3f3f9fb656ac6a0dc0"
  integrity sha512-7RdnGf7U9Bzp0F0ovW2C00G0otj7OltB1HdmL3ElX5EgjtqfBupq+22sYbhbQ/74+zCIkx37nsNaKYHFVWDm2w==
